
Microsoft Visual Studio Solution File, Format Version 12.00
# Visual Studio Version 16
VisualStudioVersion = 16.0.29215.179
MinimumVisualStudioVersion = 10.0.40219.1
Project("{FAE04EC0-301F-11D3-BF4B-00C04F79EFBC}") = "SaltBotCore", "SaltBotCore\SaltBotCore.csproj", "{336CC667-D50B-43E2-8390-C4C947503886}"
EndProject
Global
	GlobalSection(SolutionConfigurationPlatforms) = preSolution
		Debug|Any CPU = Debug|Any CPU
		Release|Any CPU = Release|Any CPU
	EndGlobalSection
	GlobalSection(ProjectConfigurationPlatforms) = postSolution
		{336CC667-D50B-43E2-8390-C4C947503886}.Debug|Any CPU.ActiveCfg = Debug|Any CPU
		{336CC667-D50B-43E2-8390-C4C947503886}.Debug|Any CPU.Build.0 = Debug|Any CPU
		{336CC667-D50B-43E2-8390-C4C947503886}.Release|Any CPU.ActiveCfg = Release|Any CPU
		{336CC667-D50B-43E2-8390-C4C947503886}.Release|Any CPU.Build.0 = Release|Any CPU
	EndGlobalSection
	GlobalSection(SolutionProperties) = preSolution
		HideSolutionNode = FALSE
	EndGlobalSection
	GlobalSection(ExtensibilityGlobals) = postSolution
		SolutionGuid = {0E890148-5499-4C08-9ADA-937AFD6D6274}
	EndGlobalSection
EndGlobal
